<?xml version="1.0" encoding="utf-8"?>
<Project ToolsVersion="4.0" xmlns="http://schemas.microsoft.com/developer/msbuild/2003">
  <ItemGroup>
    <Filter Include="Source Files">
      <UniqueIdentifier>{79cbf6b1-ee8f-4831-ad7e-284cf03f8933}</UniqueIdentifier>
      <Extensions>cpp;c;cxx;rc;def;r;odl;idl;hpj;bat</Extensions>
    </Filter>
    <Filter Include="Header Files">
      <UniqueIdentifier>{d1ecab31-75a5-40b3-9993-da12c368418e}</UniqueIdentifier>
      <Extensions>h;hpp;hxx;hm;inl</Extensions>
    </Filter>
    <Filter Include="Resource Files">
      <UniqueIdentifier>{59e008d1-27d9-4b2c-9306-ae690969d55d}</UniqueIdentifier>
      <Extensions>ico;cur;bmp;dlg;rc2;rct;bin;rgs;gif;jpg;jpeg;jpe</Extensions>
    </Filter>
  </ItemGroup>
  <ItemGroup>
    <ClCompile Include="src\tama.cpp">
      <Filter>Source Files</Filter>
    </ClCompile>
    <ClCompile Include="src\CheckUpdate.cpp">
      <Filter>Source Files</Filter>
    </ClCompile>
    <ClCompile Include="src\_gists.cpp">
      <Filter>Source Files</Filter>
    </ClCompile>
    <ClCompile Include="src\ToolFunctions.cpp">
      <Filter>Source Files</Filter>
    </ClCompile>
    <ClCompile Include="src\Events.cpp">
      <Filter>Source Files</Filter>
    </ClCompile>
    <ClCompile Include="src\Parameter.cpp">
      <Filter>Source Files</Filter>
    </ClCompile>
    <ClCompile Include="src\GhostStuff.cpp">
      <Filter>Source Files</Filter>
    </ClCompile>
    <ClCompile Include="src\UItools.cpp">
      <Filter>Source Files</Filter>
    </ClCompile>
    <ClCompile Include="src\GhostSelection.cpp">
      <Filter>Source Files</Filter>
    </ClCompile>
  </ItemGroup>
  <ItemGroup>
    <ResourceCompile Include="src\tama.rc">
      <Filter>Resource Files</Filter>
    </ResourceCompile>
  </ItemGroup>
  <ItemGroup>
    <Image Include="src\icon\small.ico">
      <Filter>Resource Files</Filter>
    </Image>
    <Image Include="src\icon\tama.ico">
      <Filter>Resource Files</Filter>
    </Image>
  </ItemGroup>
  <ItemGroup>
    <ClInclude Include="src\header_files\Events.hpp">
      <Filter>Header Files</Filter>
    </ClInclude>
    <ClInclude Include="src\header_files\GhostStuff.hpp">
      <Filter>Header Files</Filter>
    </ClInclude>
    <ClInclude Include="src\header_files\Parameter.hpp">
      <Filter>Header Files</Filter>
    </ClInclude>
    <ClInclude Include="src\header_files\resource.h">
      <Filter>Header Files</Filter>
    </ClInclude>
    <ClInclude Include="src\header_files\tama.h">
      <Filter>Header Files</Filter>
    </ClInclude>
    <ClInclude Include="src\header_files\ToolFunctions.hpp">
      <Filter>Header Files</Filter>
    </ClInclude>
    <ClInclude Include="src\header_files\UItools.hpp">
      <Filter>Header Files</Filter>
    </ClInclude>
    <ClInclude Include="src\header_files\Version.h">
      <Filter>Header Files</Filter>
    </ClInclude>
    <ClInclude Include="src\header_files\GhostSelection.hpp">
      <Filter>Header Files</Filter>
    </ClInclude>
  </ItemGroup>
</Project>